
Microsoft Visual Studio Solution File, Format Version 12.00
# Visual Studio Version 16
VisualStudioVersion = 16.0.30011.22
MinimumVisualStudioVersion = 10.0.40219.1
Project("{FAE04EC0-301F-11D3-BF4B-00C04F79EFBC}") = "MIVAT.MainUI", "MIVAT\MIVAT.MainUI.csproj", "{D3A68606-224F-443F-AAD1-B837B068B9D1}"
EndProject
Project("{FAE04EC0-301F-11D3-BF4B-00C04F79EFBC}") = "MIVAT.Layers", "MIVAT.Layers\MIVAT.Layers.csproj", "{CBCE28ED-5D32-4C62-8802-95346FB77956}"
EndProject
Global
	GlobalSection(SolutionConfigurationPlatforms) = preSolution
		Debug|Any CPU = Debug|Any CPU
		Release|Any CPU = Release|Any CPU
	EndGlobalSection
	GlobalSection(ProjectConfigurationPlatforms) = postSolution
		{D3A68606-224F-443F-AAD1-B837B068B9D1}.Debug|Any CPU.ActiveCfg = Debug|Any CPU
		{D3A68606-224F-443F-AAD1-B837B068B9D1}.Debug|Any CPU.Build.0 = Debug|Any CPU
		{D3A68606-224F-443F-AAD1-B837B068B9D1}.Release|Any CPU.ActiveCfg = Release|Any CPU
		{D3A68606-224F-443F-AAD1-B837B068B9D1}.Release|Any CPU.Build.0 = Release|Any CPU
		{CBCE28ED-5D32-4C62-8802-95346FB77956}.Debug|Any CPU.ActiveCfg = Debug|Any CPU
		{CBCE28ED-5D32-4C62-8802-95346FB77956}.Debug|Any CPU.Build.0 = Debug|Any CPU
		{CBCE28ED-5D32-4C62-8802-95346FB77956}.Release|Any CPU.ActiveCfg = Release|Any CPU
		{CBCE28ED-5D32-4C62-8802-95346FB77956}.Release|Any CPU.Build.0 = Release|Any CPU
	EndGlobalSection
	GlobalSection(SolutionProperties) = preSolution
		HideSolutionNode = FALSE
	EndGlobalSection
	GlobalSection(ExtensibilityGlobals) = postSolution
		SolutionGuid = {5EE43885-A23F-4FB5-B87C-78F5D798E778}
	EndGlobalSection
EndGlobal
